
Microsoft Visual Studio Solution File, Format Version 12.00
# Visual Studio Express 2013 for Windows Desktop
VisualStudioVersion = 12.0.21005.1
MinimumVisualStudioVersion = 10.0.40219.1
Project("{8BC9CEB8-8B4A-11D0-8D11-00A0C91BC942}") = "GameOfLife", "GameOfLife\GameOfLife.vcxproj", "{7A753EEB-5D6F-4BF8-9CB0-7AEC5C91B5E1}"
EndProject
Project("{8BC9CEB8-8B4A-11D0-8D11-00A0C91BC942}") = "gtest", "gtest\gtest.vcxproj", "{C9F323DC-4A10-4CFC-B67C-F4B41692B4E4}"
EndProject
Project("{8BC9CEB8-8B4A-11D0-8D11-00A0C91BC942}") = "GameOfLife_Tests", "GameOfLife_Tests\GameOfLife_Tests.vcxproj", "{26818C85-ED81-4336-9A22-8353197A9202}"
EndProject
Global
	GlobalSection(SolutionConfigurationPlatforms) = preSolution
		Debug|Win32 = Debug|Win32
		Release|Win32 = Release|Win32
	EndGlobalSection
	GlobalSection(ProjectConfigurationPlatforms) = postSolution
		{7A753EEB-5D6F-4BF8-9CB0-7AEC5C91B5E1}.Debug|Win32.ActiveCfg = Debug|Win32
		{7A753EEB-5D6F-4BF8-9CB0-7AEC5C91B5E1}.Debug|Win32.Build.0 = Debug|Win32
		{7A753EEB-5D6F-4BF8-9CB0-7AEC5C91B5E1}.Release|Win32.ActiveCfg = Release|Win32
		{7A753EEB-5D6F-4BF8-9CB0-7AEC5C91B5E1}.Release|Win32.Build.0 = Release|Win32
		{C9F323DC-4A10-4CFC-B67C-F4B41692B4E4}.Debug|Win32.ActiveCfg = Debug|Win32
		{C9F323DC-4A10-4CFC-B67C-F4B41692B4E4}.Debug|Win32.Build.0 = Debug|Win32
		{C9F323DC-4A10-4CFC-B67C-F4B41692B4E4}.Release|Win32.ActiveCfg = Release|Win32
		{C9F323DC-4A10-4CFC-B67C-F4B41692B4E4}.Release|Win32.Build.0 = Release|Win32
		{26818C85-ED81-4336-9A22-8353197A9202}.Debug|Win32.ActiveCfg = Debug|Win32
		{26818C85-ED81-4336-9A22-8353197A9202}.Debug|Win32.Build.0 = Debug|Win32
		{26818C85-ED81-4336-9A22-8353197A9202}.Release|Win32.ActiveCfg = Release|Win32
		{26818C85-ED81-4336-9A22-8353197A9202}.Release|Win32.Build.0 = Release|Win32
	EndGlobalSection
	GlobalSection(SolutionProperties) = preSolution
		HideSolutionNode = FALSE
	EndGlobalSection
EndGlobal
